<?xml version="1.0" encoding="utf-8"?>
<Project ToolsVersion="16.0" xmlns="http://schemas.microsoft.com/developer/msbuild/2003">
  <ItemGroup>
    <ClCompile Include="M:\YEAR2\CI517\CW\xcube\src\demo\Main.cpp">
      <Filter>Source Files</Filter>
    </ClCompile>
    <ClCompile Include="M:\YEAR2\CI517\CW\xcube\src\demo\MyGame.cpp">
      <Filter>Source Files</Filter>
    </ClCompile>
    <ClCompile Include="M:\YEAR2\CI517\CW\xcube\src\engine\AbstractGame.cpp">
      <Filter>Source Files</Filter>
    </ClCompile>
    <ClCompile Include="M:\YEAR2\CI517\CW\xcube\src\engine\AudioEngine.cpp">
      <Filter>Source Files</Filter>
    </ClCompile>
    <ClCompile Include="M:\YEAR2\CI517\CW\xcube\src\engine\EventEngine.cpp">
      <Filter>Source Files</Filter>
    </ClCompile>
    <ClCompile Include="M:\YEAR2\CI517\CW\xcube\src\engine\GraphicsEngine.cpp">
      <Filter>Source Files</Filter>
    </ClCompile>
    <ClCompile Include="M:\YEAR2\CI517\CW\xcube\src\engine\PhysicsEngine.cpp">
      <Filter>Source Files</Filter>
    </ClCompile>
    <ClCompile Include="M:\YEAR2\CI517\CW\xcube\src\engine\ResourceManager.cpp">
      <Filter>Source Files</Filter>
    </ClCompile>
    <ClCompile Include="M:\YEAR2\CI517\CW\xcube\src\engine\Timer.cpp">
      <Filter>Source Files</Filter>
    </ClCompile>
    <ClCompile Include="M:\YEAR2\CI517\CW\xcube\src\engine\XCube2d.cpp">
      <Filter>Source Files</Filter>
    </ClCompile>
    <ClCompile Include="M:\YEAR2\CI517\CW\xcube\src\engine\custom\MyEngineSystem.cpp">
      <Filter>Source Files</Filter>
    </ClCompile>
  </ItemGroup>
  <ItemGroup>
    <ClInclude Include="M:\YEAR2\CI517\CW\xcube\src\demo\MyGame.h">
      <Filter>Header Files</Filter>
    </ClInclude>
    <ClInclude Include="M:\YEAR2\CI517\CW\xcube\src\engine\AbstractGame.h">
      <Filter>Header Files</Filter>
    </ClInclude>
    <ClInclude Include="M:\YEAR2\CI517\CW\xcube\src\engine\AudioEngine.h">
      <Filter>Header Files</Filter>
    </ClInclude>
    <ClInclude Include="M:\YEAR2\CI517\CW\xcube\src\engine\EngineCommon.h">
      <Filter>Header Files</Filter>
    </ClInclude>
    <ClInclude Include="M:\YEAR2\CI517\CW\xcube\src\engine\EventEngine.h">
      <Filter>Header Files</Filter>
    </ClInclude>
    <ClInclude Include="M:\YEAR2\CI517\CW\xcube\src\engine\GameMath.h">
      <Filter>Header Files</Filter>
    </ClInclude>
    <ClInclude Include="M:\YEAR2\CI517\CW\xcube\src\engine\GraphicsEngine.h">
      <Filter>Header Files</Filter>
    </ClInclude>
    <ClInclude Include="M:\YEAR2\CI517\CW\xcube\src\engine\PhysicsEngine.h">
      <Filter>Header Files</Filter>
    </ClInclude>
    <ClInclude Include="M:\YEAR2\CI517\CW\xcube\src\engine\ResourceManager.h">
      <Filter>Header Files</Filter>
    </ClInclude>
    <ClInclude Include="M:\YEAR2\CI517\CW\xcube\src\engine\Timer.h">
      <Filter>Header Files</Filter>
    </ClInclude>
    <ClInclude Include="M:\YEAR2\CI517\CW\xcube\src\engine\XCube2d.h">
      <Filter>Header Files</Filter>
    </ClInclude>
    <ClInclude Include="M:\YEAR2\CI517\CW\xcube\src\engine\custom\MyEngineSystem.h">
      <Filter>Header Files</Filter>
    </ClInclude>
  </ItemGroup>
  <ItemGroup>
    <CustomBuild Include="M:\YEAR2\CI517\CW\xcube\CMakeLists.txt" />
  </ItemGroup>
  <ItemGroup>
    <Filter Include="Header Files">
      <UniqueIdentifier>{0D0E23D0-5ADD-3A78-8BDB-A8FF1626D80E}</UniqueIdentifier>
    </Filter>
    <Filter Include="Source Files">
      <UniqueIdentifier>{D0B536D1-4B1E-3DBC-97CD-78928D07321E}</UniqueIdentifier>
    </Filter>
  </ItemGroup>
</Project>
